// !$*UTF8*$!
{
	archiveVersion = 1;
	classes = {
	};
	objectVersion = 46;
	objects = {

/* Begin PBXBuildFile section */
		C26C27671C4BC0C100697AE8 /* AFHTTPSessionManager.m in Sources */ = {isa = PBXBuildFile; fileRef = C26C26E41C4BC0C100697AE8 /* AFHTTPSessionManager.m */; settings = {ASSET_TAGS = (); }; };
		C26C27681C4BC0C100697AE8 /* AFNetworkReachabilityManager.m in Sources */ = {isa = PBXBuildFile; fileRef = C26C26E71C4BC0C100697AE8 /* AFNetworkReachabilityManager.m */; settings = {ASSET_TAGS = (); }; };
		C26C27691C4BC0C100697AE8 /* AFSecurityPolicy.m in Sources */ = {isa = PBXBuildFile; fileRef = C26C26E91C4BC0C100697AE8 /* AFSecurityPolicy.m */; settings = {ASSET_TAGS = (); }; };
		C26C276A1C4BC0C100697AE8 /* AFURLRequestSerialization.m in Sources */ = {isa = PBXBuildFile; fileRef = C26C26EB1C4BC0C100697AE8 /* AFURLRequestSerialization.m */; settings = {ASSET_TAGS = (); }; };
		C26C276B1C4BC0C100697AE8 /* AFURLResponseSerialization.m in Sources */ = {isa = PBXBuildFile; fileRef = C26C26ED1C4BC0C100697AE8 /* AFURLResponseSerialization.m */; settings = {ASSET_TAGS = (); }; };
		C26C276C1C4BC0C100697AE8 /* AFURLSessionManager.m in Sources */ = {isa = PBXBuildFile; fileRef = C26C26EF1C4BC0C100697AE8 /* AFURLSessionManager.m */; settings = {ASSET_TAGS = (); }; };
		C26C276D1C4BC0C100697AE8 /* LICENSE in Resources */ = {isa = PBXBuildFile; fileRef = C26C26F01C4BC0C100697AE8 /* LICENSE */; settings = {ASSET_TAGS = (); }; };
		C26C276E1C4BC0C100697AE8 /* README.md in Sources */ = {isa = PBXBuildFile; fileRef = C26C26F11C4BC0C100697AE8 /* README.md */; settings = {ASSET_TAGS = (); }; };
		C26C276F1C4BC0C100697AE8 /* AFAutoPurgingImageCache.m in Sources */ = {isa = PBXBuildFile; fileRef = C26C26F41C4BC0C100697AE8 /* AFAutoPurgingImageCache.m */; settings = {ASSET_TAGS = (); }; };
		C26C27701C4BC0C100697AE8 /* AFImageDownloader.m in Sources */ = {isa = PBXBuildFile; fileRef = C26C26F61C4BC0C100697AE8 /* AFImageDownloader.m */; settings = {ASSET_TAGS = (); }; };
		C26C27711C4BC0C100697AE8 /* AFNetworkActivityIndicatorManager.m in Sources */ = {isa = PBXBuildFile; fileRef = C26C26F81C4BC0C100697AE8 /* AFNetworkActivityIndicatorManager.m */; settings = {ASSET_TAGS = (); }; };
		C26C27721C4BC0C100697AE8 /* UIActivityIndicatorView+AFNetworking.m in Sources */ = {isa = PBXBuildFile; fileRef = C26C26FA1C4BC0C100697AE8 /* UIActivityIndicatorView+AFNetworking.m */; settings = {ASSET_TAGS = (); }; };
		C26C27731C4BC0C100697AE8 /* UIButton+AFNetworking.m in Sources */ = {isa = PBXBuildFile; fileRef = C26C26FC1C4BC0C100697AE8 /* UIButton+AFNetworking.m */; settings = {ASSET_TAGS = (); }; };
		C26C27741C4BC0C100697AE8 /* UIImageView+AFNetworking.m in Sources */ = {isa = PBXBuildFile; fileRef = C26C26FF1C4BC0C100697AE8 /* UIImageView+AFNetworking.m */; settings = {ASSET_TAGS = (); }; };
		C26C27751C4BC0C100697AE8 /* UIProgressView+AFNetworking.m in Sources */ = {isa = PBXBuildFile; fileRef = C26C27021C4BC0C100697AE8 /* UIProgressView+AFNetworking.m */; settings = {ASSET_TAGS = (); }; };
		C26C27761C4BC0C100697AE8 /* UIRefreshControl+AFNetworking.m in Sources */ = {isa = PBXBuildFile; fileRef = C26C27041C4BC0C100697AE8 /* UIRefreshControl+AFNetworking.m */; settings = {ASSET_TAGS = (); }; };
		C26C27771C4BC0C100697AE8 /* UIWebView+AFNetworking.m in Sources */ = {isa = PBXBuildFile; fileRef = C26C27061C4BC0C100697AE8 /* UIWebView+AFNetworking.m */; settings = {ASSET_TAGS = (); }; };
		C26C27781C4BC0C100697AE8 /* ECPercentDrivenInteractiveTransition.m in Sources */ = {isa = PBXBuildFile; fileRef = C26C270A1C4BC0C100697AE8 /* ECPercentDrivenInteractiveTransition.m */; settings = {ASSET_TAGS = (); }; };
		C26C27791C4BC0C100697AE8 /* ECSlidingAnimationController.m in Sources */ = {isa = PBXBuildFile; fileRef = C26C270C1C4BC0C100697AE8 /* ECSlidingAnimationController.m */; settings = {ASSET_TAGS = (); }; };
		C26C277A1C4BC0C100697AE8 /* ECSlidingInteractiveTransition.m in Sources */ = {isa = PBXBuildFile; fileRef = C26C270F1C4BC0C100697AE8 /* ECSlidingInteractiveTransition.m */; settings = {ASSET_TAGS = (); }; };
		C26C277B1C4BC0C100697AE8 /* ECSlidingSegue.m in Sources */ = {isa = PBXBuildFile; fileRef = C26C27111C4BC0C100697AE8 /* ECSlidingSegue.m */; settings = {ASSET_TAGS = (); }; };
		C26C277C1C4BC0C100697AE8 /* ECSlidingViewController.m in Sources */ = {isa = PBXBuildFile; fileRef = C26C27131C4BC0C100697AE8 /* ECSlidingViewController.m */; settings = {ASSET_TAGS = (); }; };
		C26C277D1C4BC0C100697AE8 /* UIViewController+ECSlidingViewController.m in Sources */ = {isa = PBXBuildFile; fileRef = C26C27151C4BC0C100697AE8 /* UIViewController+ECSlidingViewController.m */; settings = {ASSET_TAGS = (); }; };
		C26C277E1C4BC0C100697AE8 /* LICENSE in Resources */ = {isa = PBXBuildFile; fileRef = C26C27161C4BC0C100697AE8 /* LICENSE */; settings = {ASSET_TAGS = (); }; };
		C26C277F1C4BC0C100697AE8 /* README.md in Sources */ = {isa = PBXBuildFile; fileRef = C26C27171C4BC0C100697AE8 /* README.md */; settings = {ASSET_TAGS = (); }; };
		C26C27801C4BC0C100697AE8 /* Manifest.lock in Resources */ = {isa = PBXBuildFile; fileRef = C26C27521C4BC0C100697AE8 /* Manifest.lock */; settings = {ASSET_TAGS = (); }; };
		C26C27811C4BC0C100697AE8 /* AFNetworking-dummy.m in Sources */ = {isa = PBXBuildFile; fileRef = C26C27581C4BC0C100697AE8 /* AFNetworking-dummy.m */; settings = {ASSET_TAGS = (); }; };
		C26C27821C4BC0C100697AE8 /* AFNetworking.xcconfig in Resources */ = {isa = PBXBuildFile; fileRef = C26C275A1C4BC0C100697AE8 /* AFNetworking.xcconfig */; settings = {ASSET_TAGS = (); }; };
		C26C27831C4BC0C100697AE8 /* ECSlidingViewController-dummy.m in Sources */ = {isa = PBXBuildFile; fileRef = C26C275C1C4BC0C100697AE8 /* ECSlidingViewController-dummy.m */; settings = {ASSET_TAGS = (); }; };
		C26C27841C4BC0C100697AE8 /* ECSlidingViewController.xcconfig in Resources */ = {isa = PBXBuildFile; fileRef = C26C275E1C4BC0C100697AE8 /* ECSlidingViewController.xcconfig */; settings = {ASSET_TAGS = (); }; };
		C26C27851C4BC0C100697AE8 /* Pods-acknowledgements.markdown in Sources */ = {isa = PBXBuildFile; fileRef = C26C27601C4BC0C100697AE8 /* Pods-acknowledgements.markdown */; settings = {ASSET_TAGS = (); }; };
		C26C27861C4BC0C100697AE8 /* Pods-acknowledgements.plist in Resources */ = {isa = PBXBuildFile; fileRef = C26C27611C4BC0C100697AE8 /* Pods-acknowledgements.plist */; settings = {ASSET_TAGS = (); }; };
		C26C27871C4BC0C100697AE8 /* Pods-dummy.m in Sources */ = {isa = PBXBuildFile; fileRef = C26C27621C4BC0C100697AE8 /* Pods-dummy.m */; settings = {ASSET_TAGS = (); }; };
		C26C27881C4BC0C100697AE8 /* Pods-frameworks.sh in Resources */ = {isa = PBXBuildFile; fileRef = C26C27631C4BC0C100697AE8 /* Pods-frameworks.sh */; settings = {ASSET_TAGS = (); }; };
		C26C27891C4BC0C100697AE8 /* Pods-resources.sh in Resources */ = {isa = PBXBuildFile; fileRef = C26C27641C4BC0C100697AE8 /* Pods-resources.sh */; settings = {ASSET_TAGS = (); }; };
		C26C278A1C4BC0C100697AE8 /* Pods.debug.xcconfig in Resources */ = {isa = PBXBuildFile; fileRef = C26C27651C4BC0C100697AE8 /* Pods.debug.xcconfig */; settings = {ASSET_TAGS = (); }; };
		C26C278B1C4BC0C100697AE8 /* Pods.release.xcconfig in Resources */ = {isa = PBXBuildFile; fileRef = C26C27661C4BC0C100697AE8 /* Pods.release.xcconfig */; settings = {ASSET_TAGS = (); }; };
		C26C27981C4BC63F00697AE8 /* MessagesTableViewCell.m in Sources */ = {isa = PBXBuildFile; fileRef = C26C27971C4BC63F00697AE8 /* MessagesTableViewCell.m */; settings = {ASSET_TAGS = (); }; };
		C26C279B1C4BD11200697AE8 /* Message.m in Sources */ = {isa = PBXBuildFile; fileRef = C26C279A1C4BD11200697AE8 /* Message.m */; settings = {ASSET_TAGS = (); }; };
		C26C279E1C4BD12600697AE8 /* MessagesService.m in Sources */ = {isa = PBXBuildFile; fileRef = C26C279D1C4BD12600697AE8 /* MessagesService.m */; settings = {ASSET_TAGS = (); }; };
		C26C27A11C4BD13500697AE8 /* MessagesMapper.m in Sources */ = {isa = PBXBuildFile; fileRef = C26C27A01C4BD13500697AE8 /* MessagesMapper.m */; settings = {ASSET_TAGS = (); }; };
		C2F3C4941C4BBC6A00BB47FA /* AppDelegate.m in Sources */ = {isa = PBXBuildFile; fileRef = C2F3C4871C4BBC6A00BB47FA /* AppDelegate.m */; settings = {ASSET_TAGS = (); }; };
		C2F3C4951C4BBC6A00BB47FA /* MainViewController.m in Sources */ = {isa = PBXBuildFile; fileRef = C2F3C48B1C4BBC6A00BB47FA /* MainViewController.m */; settings = {ASSET_TAGS = (); }; };
		C2F3C4961C4BBC6A00BB47FA /* Assets.xcassets in Resources */ = {isa = PBXBuildFile; fileRef = C2F3C48D1C4BBC6A00BB47FA /* Assets.xcassets */; settings = {ASSET_TAGS = (); }; };
		C2F3C49A1C4BBC6A00BB47FA /* main.m in Sources */ = {isa = PBXBuildFile; fileRef = C2F3C4931C4BBC6A00BB47FA /* main.m */; settings = {ASSET_TAGS = (); }; };
/* End PBXBuildFile section */

/* Begin PBXContainerItemProxy section */
		C26C278F1C4BC0C100697AE8 /* PBXContainerItemProxy */ = {
			isa = PBXContainerItemProxy;
			containerPortal = C26C27531C4BC0C100697AE8 /* Pods.xcodeproj */;
			proxyType = 2;
			remoteGlobalIDString = 2D6585633A289EAC5DC22E904FF31321;
			remoteInfo = AFNetworking;
		};
		C26C27911C4BC0C100697AE8 /* PBXContainerItemProxy */ = {
			isa = PBXContainerItemProxy;
			containerPortal = C26C27531C4BC0C100697AE8 /* Pods.xcodeproj */;
			proxyType = 2;
			remoteGlobalIDString = 7FA5DA1BAE94E9BAA05644F246976723;
			remoteInfo = ECSlidingViewController;
		};
		C26C27931C4BC0C100697AE8 /* PBXContainerItemProxy */ = {
			isa = PBXContainerItemProxy;
			containerPortal = C26C27531C4BC0C100697AE8 /* Pods.xcodeproj */;
			proxyType = 2;
			remoteGlobalIDString = 4A14F11D44944A3080E295DE46E67FC2;
			remoteInfo = Pods;
		};
/* End PBXContainerItemProxy section */

/* Begin PBXFileReference section */
		C26C26E31C4BC0C100697AE8 /* AFHTTPSessionManager.h */ = {isa = PBXFileReference; fileEncoding = 4; lastKnownFileType = sourcecode.c.h; path = AFHTTPSessionManager.h; sourceTree = "<group>"; };
		C26C26E41C4BC0C100697AE8 /* AFHTTPSessionManager.m */ = {isa = PBXFileReference; fileEncoding = 4; lastKnownFileType = sourcecode.c.objc; path = AFHTTPSessionManager.m; sourceTree = "<group>"; };
		C26C26E51C4BC0C100697AE8 /* AFNetworking.h */ = {isa = PBXFileReference; fileEncoding = 4; lastKnownFileType = sourcecode.c.h; path = AFNetworking.h; sourceTree = "<group>"; };
		C26C26E61C4BC0C100697AE8 /* AFNetworkReachabilityManager.h */ = {isa = PBXFileReference; fileEncoding = 4; lastKnownFileType = sourcecode.c.h; path = AFNetworkReachabilityManager.h; sourceTree = "<group>"; };
		C26C26E71C4BC0C100697AE8 /* AFNetworkReachabilityManager.m */ = {isa = PBXFileReference; fileEncoding = 4; lastKnownFileType = sourcecode.c.objc; path = AFNetworkReachabilityManager.m; sourceTree = "<group>"; };
		C26C26E81C4BC0C100697AE8 /* AFSecurityPolicy.h */ = {isa = PBXFileReference; fileEncoding = 4; lastKnownFileType = sourcecode.c.h; path = AFSecurityPolicy.h; sourceTree = "<group>"; };
		C26C26E91C4BC0C100697AE8 /* AFSecurityPolicy.m */ = {isa = PBXFileReference; fileEncoding = 4; lastKnownFileType = sourcecode.c.objc; path = AFSecurityPolicy.m; sourceTree = "<group>"; };
		C26C26EA1C4BC0C100697AE8 /* AFURLRequestSerialization.h */ = {isa = PBXFileReference; fileEncoding = 4; lastKnownFileType = sourcecode.c.h; path = AFURLRequestSerialization.h; sourceTree = "<group>"; };
		C26C26EB1C4BC0C100697AE8 /* AFURLRequestSerialization.m */ = {isa = PBXFileReference; fileEncoding = 4; lastKnownFileType = sourcecode.c.objc; path = AFURLRequestSerialization.m; sourceTree = "<group>"; };
		C26C26EC1C4BC0C100697AE8 /* AFURLResponseSerialization.h */ = {isa = PBXFileReference; fileEncoding = 4; lastKnownFileType = sourcecode.c.h; path = AFURLResponseSerialization.h; sourceTree = "<group>"; };
		C26C26ED1C4BC0C100697AE8 /* AFURLResponseSerialization.m */ = {isa = PBXFileReference; fileEncoding = 4; lastKnownFileType = sourcecode.c.objc; path = AFURLResponseSerialization.m; sourceTree = "<group>"; };
		C26C26EE1C4BC0C100697AE8 /* AFURLSessionManager.h */ = {isa = PBXFileReference; fileEncoding = 4; lastKnownFileType = sourcecode.c.h; path = AFURLSessionManager.h; sourceTree = "<group>"; };
		C26C26EF1C4BC0C100697AE8 /* AFURLSessionManager.m */ = {isa = PBXFileReference; fileEncoding = 4; lastKnownFileType = sourcecode.c.objc; path = AFURLSessionManager.m; sourceTree = "<group>"; };
		C26C26F01C4BC0C100697AE8 /* LICENSE */ = {isa = PBXFileReference; fileEncoding = 4; lastKnownFileType = text; path = LICENSE; sourceTree = "<group>"; };
		C26C26F11C4BC0C100697AE8 /* README.md */ = {isa = PBXFileReference; fileEncoding = 4; lastKnownFileType = net.daringfireball.markdown; path = README.md; sourceTree = "<group>"; };
		C26C26F31C4BC0C100697AE8 /* AFAutoPurgingImageCache.h */ = {isa = PBXFileReference; fileEncoding = 4; lastKnownFileType = sourcecode.c.h; path = AFAutoPurgingImageCache.h; sourceTree = "<group>"; };
		C26C26F41C4BC0C100697AE8 /* AFAutoPurgingImageCache.m */ = {isa = PBXFileReference; fileEncoding = 4; lastKnownFileType = sourcecode.c.objc; path = AFAutoPurgingImageCache.m; sourceTree = "<group>"; };
		C26C26F51C4BC0C100697AE8 /* AFImageDownloader.h */ = {isa = PBXFileReference; fileEncoding = 4; lastKnownFileType = sourcecode.c.h; path = AFImageDownloader.h; sourceTree = "<group>"; };
		C26C26F61C4BC0C100697AE8 /* AFImageDownloader.m */ = {isa = PBXFileReference; fileEncoding = 4; lastKnownFileType = sourcecode.c.objc; path = AFImageDownloader.m; sourceTree = "<group>"; };
		C26C26F71C4BC0C100697AE8 /* AFNetworkActivityIndicatorManager.h */ = {isa = PBXFileReference; fileEncoding = 4; lastKnownFileType = sourcecode.c.h; path = AFNetworkActivityIndicatorManager.h; sourceTree = "<group>"; };
		C26C26F81C4BC0C100697AE8 /* AFNetworkActivityIndicatorManager.m */ = {isa = PBXFileReference; fileEncoding = 4; lastKnownFileType = sourcecode.c.objc; path = AFNetworkActivityIndicatorManager.m; sourceTree = "<group>"; };
		C26C26F91C4BC0C100697AE8 /* UIActivityIndicatorView+AFNetworking.h */ = {isa = PBXFileReference; fileEncoding = 4; lastKnownFileType = sourcecode.c.h; path = "UIActivityIndicatorView+AFNetworking.h"; sourceTree = "<group>"; };
		C26C26FA1C4BC0C100697AE8 /* UIActivityIndicatorView+AFNetworking.m */ = {isa = PBXFileReference; fileEncoding = 4; lastKnownFileType = sourcecode.c.objc; path = "UIActivityIndicatorView+AFNetworking.m"; sourceTree = "<group>"; };
		C26C26FB1C4BC0C100697AE8 /* UIButton+AFNetworking.h */ = {isa = PBXFileReference; fileEncoding = 4; lastKnownFileType = sourcecode.c.h; path = "UIButton+AFNetworking.h"; sourceTree = "<group>"; };
		C26C26FC1C4BC0C100697AE8 /* UIButton+AFNetworking.m */ = {isa = PBXFileReference; fileEncoding = 4; lastKnownFileType = sourcecode.c.objc; path = "UIButton+AFNetworking.m"; sourceTree = "<group>"; };
		C26C26FD1C4BC0C100697AE8 /* UIImage+AFNetworking.h */ = {isa = PBXFileReference; fileEncoding = 4; lastKnownFileType = sourcecode.c.h; path = "UIImage+AFNetworking.h"; sourceTree = "<group>"; };
		C26C26FE1C4BC0C100697AE8 /* UIImageView+AFNetworking.h */ = {isa = PBXFileReference; fileEncoding = 4; lastKnownFileType = sourcecode.c.h; path = "UIImageView+AFNetworking.h"; sourceTree = "<group>"; };
		C26C26FF1C4BC0C100697AE8 /* UIImageView+AFNetworking.m */ = {isa = PBXFileReference; fileEncoding = 4; lastKnownFileType = sourcecode.c.objc; path = "UIImageView+AFNetworking.m"; sourceTree = "<group>"; };
		C26C27001C4BC0C100697AE8 /* UIKit+AFNetworking.h */ = {isa = PBXFileReference; fileEncoding = 4; lastKnownFileType = sourcecode.c.h; path = "UIKit+AFNetworking.h"; sourceTree = "<group>"; };
		C26C27011C4BC0C100697AE8 /* UIProgressView+AFNetworking.h */ = {isa = PBXFileReference; fileEncoding = 4; lastKnownFileType = sourcecode.c.h; path = "UIProgressView+AFNetworking.h"; sourceTree = "<group>"; };
		C26C27021C4BC0C100697AE8 /* UIProgressView+AFNetworking.m */ = {isa = PBXFileReference; fileEncoding = 4; lastKnownFileType = sourcecode.c.objc; path = "UIProgressView+AFNetworking.m"; sourceTree = "<group>"; };
		C26C27031C4BC0C100697AE8 /* UIRefreshControl+AFNetworking.h */ = {isa = PBXFileReference; fileEncoding = 4; lastKnownFileType = sourcecode.c.h; path = "UIRefreshControl+AFNetworking.h"; sourceTree = "<group>"; };
		C26C27041C4BC0C100697AE8 /* UIRefreshControl+AFNetworking.m */ = {isa = PBXFileReference; fileEncoding = 4; lastKnownFileType = sourcecode.c.objc; path = "UIRefreshControl+AFNetworking.m"; sourceTree = "<group>"; };
		C26C27051C4BC0C100697AE8 /* UIWebView+AFNetworking.h */ = {isa = PBXFileReference; fileEncoding = 4; lastKnownFileType = sourcecode.c.h; path = "UIWebView+AFNetworking.h"; sourceTree = "<group>"; };
		C26C27061C4BC0C100697AE8 /* UIWebView+AFNetworking.m */ = {isa = PBXFileReference; fileEncoding = 4; lastKnownFileType = sourcecode.c.objc; path = "UIWebView+AFNetworking.m"; sourceTree = "<group>"; };
		C26C27091C4BC0C100697AE8 /* ECPercentDrivenInteractiveTransition.h */ = {isa = PBXFileReference; fileEncoding = 4; lastKnownFileType = sourcecode.c.h; path = ECPercentDrivenInteractiveTransition.h; sourceTree = "<group>"; };
		C26C270A1C4BC0C100697AE8 /* ECPercentDrivenInteractiveTransition.m */ = {isa = PBXFileReference; fileEncoding = 4; lastKnownFileType = sourcecode.c.objc; path = ECPercentDrivenInteractiveTransition.m; sourceTree = "<group>"; };
		C26C270B1C4BC0C100697AE8 /* ECSlidingAnimationController.h */ = {isa = PBXFileReference; fileEncoding = 4; lastKnownFileType = sourcecode.c.h; path = ECSlidingAnimationController.h; sourceTree = "<group>"; };
		C26C270C1C4BC0C100697AE8 /* ECSlidingAnimationController.m */ = {isa = PBXFileReference; fileEncoding = 4; lastKnownFileType = sourcecode.c.objc; path = ECSlidingAnimationController.m; sourceTree = "<group>"; };
		C26C270D1C4BC0C100697AE8 /* ECSlidingConstants.h */ = {isa = PBXFileReference; fileEncoding = 4; lastKnownFileType = sourcecode.c.h; path = ECSlidingConstants.h; sourceTree = "<group>"; };
		C26C270E1C4BC0C100697AE8 /* ECSlidingInteractiveTransition.h */ = {isa = PBXFileReference; fileEncoding = 4; lastKnownFileType = sourcecode.c.h; path = ECSlidingInteractiveTransition.h; sourceTree = "<group>"; };
		C26C270F1C4BC0C100697AE8 /* ECSlidingInteractiveTransition.m */ = {isa = PBXFileReference; fileEncoding = 4; lastKnownFileType = sourcecode.c.objc; path = ECSlidingInteractiveTransition.m; sourceTree = "<group>"; };
		C26C27101C4BC0C100697AE8 /* ECSlidingSegue.h */ = {isa = PBXFileReference; fileEncoding = 4; lastKnownFileType = sourcecode.c.h; path = ECSlidingSegue.h; sourceTree = "<group>"; };
		C26C27111C4BC0C100697AE8 /* ECSlidingSegue.m */ = {isa = PBXFileReference; fileEncoding = 4; lastKnownFileType = sourcecode.c.objc; path = ECSlidingSegue.m; sourceTree = "<group>"; };
		C26C27121C4BC0C100697AE8 /* ECSlidingViewController.h */ = {isa = PBXFileReference; fileEncoding = 4; lastKnownFileType = sourcecode.c.h; path = ECSlidingViewController.h; sourceTree = "<group>"; };
		C26C27131C4BC0C100697AE8 /* ECSlidingViewController.m */ = {isa = PBXFileReference; fileEncoding = 4; lastKnownFileType = sourcecode.c.objc; path = ECSlidingViewController.m; sourceTree = "<group>"; };
		C26C27141C4BC0C100697AE8 /* UIViewController+ECSlidingViewController.h */ = {isa = PBXFileReference; fileEncoding = 4; lastKnownFileType = sourcecode.c.h; path = "UIViewController+ECSlidingViewController.h"; sourceTree = "<group>"; };
		C26C27151C4BC0C100697AE8 /* UIViewController+ECSlidingViewController.m */ = {isa = PBXFileReference; fileEncoding = 4; lastKnownFileType = sourcecode.c.objc; path = "UIViewController+ECSlidingViewController.m"; sourceTree = "<group>"; };
		C26C27161C4BC0C100697AE8 /* LICENSE */ = {isa = PBXFileReference; fileEncoding = 4; lastKnownFileType = text; path = LICENSE; sourceTree = "<group>"; };
		C26C27171C4BC0C100697AE8 /* README.md */ = {isa = PBXFileReference; fileEncoding = 4; lastKnownFileType = net.daringfireball.markdown; path = README.md; sourceTree = "<group>"; };
		C26C271B1C4BC0C100697AE8 /* AFAutoPurgingImageCache.h */ = {isa = PBXFileReference; fileEncoding = 4; lastKnownFileType = sourcecode.c.h; path = AFAutoPurgingImageCache.h; sourceTree = "<group>"; };
		C26C271C1C4BC0C100697AE8 /* AFHTTPSessionManager.h */ = {isa = PBXFileReference; fileEncoding = 4; lastKnownFileType = sourcecode.c.h; path = AFHTTPSessionManager.h; sourceTree = "<group>"; };
		C26C271D1C4BC0C100697AE8 /* AFImageDownloader.h */ = {isa = PBXFileReference; fileEncoding = 4; lastKnownFileType = sourcecode.c.h; path = AFImageDownloader.h; sourceTree = "<group>"; };
		C26C271E1C4BC0C100697AE8 /* AFNetworkActivityIndicatorManager.h */ = {isa = PBXFileReference; fileEncoding = 4; lastKnownFileType = sourcecode.c.h; path = AFNetworkActivityIndicatorManager.h; sourceTree = "<group>"; };
		C26C271F1C4BC0C100697AE8 /* AFNetworking.h */ = {isa = PBXFileReference; fileEncoding = 4; lastKnownFileType = sourcecode.c.h; path = AFNetworking.h; sourceTree = "<group>"; };
		C26C27201C4BC0C100697AE8 /* AFNetworkReachabilityManager.h */ = {isa = PBXFileReference; fileEncoding = 4; lastKnownFileType = sourcecode.c.h; path = AFNetworkReachabilityManager.h; sourceTree = "<group>"; };
		C26C27211C4BC0C100697AE8 /* AFSecurityPolicy.h */ = {isa = PBXFileReference; fileEncoding = 4; lastKnownFileType = sourcecode.c.h; path = AFSecurityPolicy.h; sourceTree = "<group>"; };
		C26C27221C4BC0C100697AE8 /* AFURLRequestSerialization.h */ = {isa = PBXFileReference; fileEncoding = 4; lastKnownFileType = sourcecode.c.h; path = AFURLRequestSerialization.h; sourceTree = "<group>"; };
		C26C27231C4BC0C100697AE8 /* AFURLResponseSerialization.h */ = {isa = PBXFileReference; fileEncoding = 4; lastKnownFileType = sourcecode.c.h; path = AFURLResponseSerialization.h; sourceTree = "<group>"; };
		C26C27241C4BC0C100697AE8 /* AFURLSessionManager.h */ = {isa = PBXFileReference; fileEncoding = 4; lastKnownFileType = sourcecode.c.h; path = AFURLSessionManager.h; sourceTree = "<group>"; };
		C26C27251C4BC0C100697AE8 /* UIActivityIndicatorView+AFNetworking.h */ = {isa = PBXFileReference; fileEncoding = 4; lastKnownFileType = sourcecode.c.h; path = "UIActivityIndicatorView+AFNetworking.h"; sourceTree = "<group>"; };
		C26C27261C4BC0C100697AE8 /* UIButton+AFNetworking.h */ = {isa = PBXFileReference; fileEncoding = 4; lastKnownFileType = sourcecode.c.h; path = "UIButton+AFNetworking.h"; sourceTree = "<group>"; };
		C26C27271C4BC0C100697AE8 /* UIImage+AFNetworking.h */ = {isa = PBXFileReference; fileEncoding = 4; lastKnownFileType = sourcecode.c.h; path = "UIImage+AFNetworking.h"; sourceTree = "<group>"; };
		C26C27281C4BC0C100697AE8 /* UIImageView+AFNetworking.h */ = {isa = PBXFileReference; fileEncoding = 4; lastKnownFileType = sourcecode.c.h; path = "UIImageView+AFNetworking.h"; sourceTree = "<group>"; };
		C26C27291C4BC0C100697AE8 /* UIKit+AFNetworking.h */ = {isa = PBXFileReference; fileEncoding = 4; lastKnownFileType = sourcecode.c.h; path = "UIKit+AFNetworking.h"; sourceTree = "<group>"; };
		C26C272A1C4BC0C100697AE8 /* UIProgressView+AFNetworking.h */ = {isa = PBXFileReference; fileEncoding = 4; lastKnownFileType = sourcecode.c.h; path = "UIProgressView+AFNetworking.h"; sourceTree = "<group>"; };
		C26C272B1C4BC0C100697AE8 /* UIRefreshControl+AFNetworking.h */ = {isa = PBXFileReference; fileEncoding = 4; lastKnownFileType = sourcecode.c.h; path = "UIRefreshControl+AFNetworking.h"; sourceTree = "<group>"; };
		C26C272C1C4BC0C100697AE8 /* UIWebView+AFNetworking.h */ = {isa = PBXFileReference; fileEncoding = 4; lastKnownFileType = sourcecode.c.h; path = "UIWebView+AFNetworking.h"; sourceTree = "<group>"; };
		C26C272E1C4BC0C100697AE8 /* ECPercentDrivenInteractiveTransition.h */ = {isa = PBXFileReference; fileEncoding = 4; lastKnownFileType = sourcecode.c.h; path = ECPercentDrivenInteractiveTransition.h; sourceTree = "<group>"; };
		C26C272F1C4BC0C100697AE8 /* ECSlidingAnimationController.h */ = {isa = PBXFileReference; fileEncoding = 4; lastKnownFileType = sourcecode.c.h; path = ECSlidingAnimationController.h; sourceTree = "<group>"; };
		C26C27301C4BC0C100697AE8 /* ECSlidingConstants.h */ = {isa = PBXFileReference; fileEncoding = 4; lastKnownFileType = sourcecode.c.h; path = ECSlidingConstants.h; sourceTree = "<group>"; };
		C26C27311C4BC0C100697AE8 /* ECSlidingInteractiveTransition.h */ = {isa = PBXFileReference; fileEncoding = 4; lastKnownFileType = sourcecode.c.h; path = ECSlidingInteractiveTransition.h; sourceTree = "<group>"; };
		C26C27321C4BC0C100697AE8 /* ECSlidingSegue.h */ = {isa = PBXFileReference; fileEncoding = 4; lastKnownFileType = sourcecode.c.h; path = ECSlidingSegue.h; sourceTree = "<group>"; };
		C26C27331C4BC0C100697AE8 /* ECSlidingViewController.h */ = {isa = PBXFileReference; fileEncoding = 4; lastKnownFileType = sourcecode.c.h; path = ECSlidingViewController.h; sourceTree = "<group>"; };
		C26C27341C4BC0C100697AE8 /* UIViewController+ECSlidingViewController.h */ = {isa = PBXFileReference; fileEncoding = 4; lastKnownFileType = sourcecode.c.h; path = "UIViewController+ECSlidingViewController.h"; sourceTree = "<group>"; };
		C26C27371C4BC0C100697AE8 /* AFAutoPurgingImageCache.h */ = {isa = PBXFileReference; fileEncoding = 4; lastKnownFileType = sourcecode.c.h; path = AFAutoPurgingImageCache.h; sourceTree = "<group>"; };
		C26C27381C4BC0C100697AE8 /* AFHTTPSessionManager.h */ = {isa = PBXFileReference; fileEncoding = 4; lastKnownFileType = sourcecode.c.h; path = AFHTTPSessionManager.h; sourceTree = "<group>"; };
		C26C27391C4BC0C100697AE8 /* AFImageDownloader.h */ = {isa = PBXFileReference; fileEncoding = 4; lastKnownFileType = sourcecode.c.h; path = AFImageDownloader.h; sourceTree = "<group>"; };
		C26C273A1C4BC0C100697AE8 /* AFNetworkActivityIndicatorManager.h */ = {isa = PBXFileReference; fileEncoding = 4; lastKnownFileType = sourcecode.c.h; path = AFNetworkActivityIndicatorManager.h; sourceTree = "<group>"; };
		C26C273B1C4BC0C100697AE8 /* AFNetworking.h */ = {isa = PBXFileReference; fileEncoding = 4; lastKnownFileType = sourcecode.c.h; path = AFNetworking.h; sourceTree = "<group>"; };
		C26C273C1C4BC0C100697AE8 /* AFNetworkReachabilityManager.h */ = {isa = PBXFileReference; fileEncoding = 4; lastKnownFileType = sourcecode.c.h; path = AFNetworkReachabilityManager.h; sourceTree = "<group>"; };
		C26C273D1C4BC0C100697AE8 /* AFSecurityPolicy.h */ = {isa = PBXFileReference; fileEncoding = 4; lastKnownFileType = sourcecode.c.h; path = AFSecurityPolicy.h; sourceTree = "<group>"; };
		C26C273E1C4BC0C100697AE8 /* AFURLRequestSerialization.h */ = {isa = PBXFileReference; fileEncoding = 4; lastKnownFileType = sourcecode.c.h; path = AFURLRequestSerialization.h; sourceTree = "<group>"; };
		C26C273F1C4BC0C100697AE8 /* AFURLResponseSerialization.h */ = {isa = PBXFileReference; fileEncoding = 4; lastKnownFileType = sourcecode.c.h; path = AFURLResponseSerialization.h; sourceTree = "<group>"; };
		C26C27401C4BC0C100697AE8 /* AFURLSessionManager.h */ = {isa = PBXFileReference; fileEncoding = 4; lastKnownFileType = sourcecode.c.h; path = AFURLSessionManager.h; sourceTree = "<group>"; };
		C26C27411C4BC0C100697AE8 /* UIActivityIndicatorView+AFNetworking.h */ = {isa = PBXFileReference; fileEncoding = 4; lastKnownFileType = sourcecode.c.h; path = "UIActivityIndicatorView+AFNetworking.h"; sourceTree = "<group>"; };
		C26C27421C4BC0C100697AE8 /* UIButton+AFNetworking.h */ = {isa = PBXFileReference; fileEncoding = 4; lastKnownFileType = sourcecode.c.h; path = "UIButton+AFNetworking.h"; sourceTree = "<group>"; };
		C26C27431C4BC0C100697AE8 /* UIImage+AFNetworking.h */ = {isa = PBXFileReference; fileEncoding = 4; lastKnownFileType = sourcecode.c.h; path = "UIImage+AFNetworking.h"; sourceTree = "<group>"; };
		C26C27441C4BC0C100697AE8 /* UIImageView+AFNetworking.h */ = {isa = PBXFileReference; fileEncoding = 4; lastKnownFileType = sourcecode.c.h; path = "UIImageView+AFNetworking.h"; sourceTree = "<group>"; };
		C26C27451C4BC0C100697AE8 /* UIKit+AFNetworking.h */ = {isa = PBXFileReference; fileEncoding = 4; lastKnownFileType = sourcecode.c.h; path = "UIKit+AFNetworking.h"; sourceTree = "<group>"; };
		C26C27461C4BC0C100697AE8 /* UIProgressView+AFNetworking.h */ = {isa = PBXFileReference; fileEncoding = 4; lastKnownFileType = sourcecode.c.h; path = "UIProgressView+AFNetworking.h"; sourceTree = "<group>"; };
		C26C27471C4BC0C100697AE8 /* UIRefreshControl+AFNetworking.h */ = {isa = PBXFileReference; fileEncoding = 4; lastKnownFileType = sourcecode.c.h; path = "UIRefreshControl+AFNetworking.h"; sourceTree = "<group>"; };
		C26C27481C4BC0C100697AE8 /* UIWebView+AFNetworking.h */ = {isa = PBXFileReference; fileEncoding = 4; lastKnownFileType = sourcecode.c.h; path = "UIWebView+AFNetworking.h"; sourceTree = "<group>"; };
		C26C274A1C4BC0C100697AE8 /* ECPercentDrivenInteractiveTransition.h */ = {isa = PBXFileReference; fileEncoding = 4; lastKnownFileType = sourcecode.c.h; path = ECPercentDrivenInteractiveTransition.h; sourceTree = "<group>"; };
		C26C274B1C4BC0C100697AE8 /* ECSlidingAnimationController.h */ = {isa = PBXFileReference; fileEncoding = 4; lastKnownFileType = sourcecode.c.h; path = ECSlidingAnimationController.h; sourceTree = "<group>"; };
		C26C274C1C4BC0C100697AE8 /* ECSlidingConstants.h */ = {isa = PBXFileReference; fileEncoding = 4; lastKnownFileType = sourcecode.c.h; path = ECSlidingConstants.h; sourceTree = "<group>"; };
		C26C274D1C4BC0C100697AE8 /* ECSlidingInteractiveTransition.h */ = {isa = PBXFileReference; fileEncoding = 4; lastKnownFileType = sourcecode.c.h; path = ECSlidingInteractiveTransition.h; sourceTree = "<group>"; };
		C26C274E1C4BC0C100697AE8 /* ECSlidingSegue.h */ = {isa = PBXFileReference; fileEncoding = 4; lastKnownFileType = sourcecode.c.h; path = ECSlidingSegue.h; sourceTree = "<group>"; };
		C26C274F1C4BC0C100697AE8 /* ECSlidingViewController.h */ = {isa = PBXFileReference; fileEncoding = 4; lastKnownFileType = sourcecode.c.h; path = ECSlidingViewController.h; sourceTree = "<group>"; };
		C26C27501C4BC0C100697AE8 /* UIViewController+ECSlidingViewController.h */ = {isa = PBXFileReference; fileEncoding = 4; lastKnownFileType = sourcecode.c.h; path = "UIViewController+ECSlidingViewController.h"; sourceTree = "<group>"; };
		C26C27521C4BC0C100697AE8 /* Manifest.lock */ = {isa = PBXFileReference; fileEncoding = 4; lastKnownFileType = text; path = Manifest.lock; sourceTree = "<group>"; };
		C26C27531C4BC0C100697AE8 /* Pods.xcodeproj */ = {isa = PBXFileReference; lastKnownFileType = "wrapper.pb-project"; path = Pods.xcodeproj; sourceTree = "<group>"; };
		C26C27581C4BC0C100697AE8 /* AFNetworking-dummy.m */ = {isa = PBXFileReference; fileEncoding = 4; lastKnownFileType = sourcecode.c.objc; path = "AFNetworking-dummy.m"; sourceTree = "<group>"; };
		C26C27591C4BC0C100697AE8 /* AFNetworking-prefix.pch */ = {isa = PBXFileReference; fileEncoding = 4; lastKnownFileType = sourcecode.c.h; path = "AFNetworking-prefix.pch"; sourceTree = "<group>"; };
		C26C275A1C4BC0C100697AE8 /* AFNetworking.xcconfig */ = {isa = PBXFileReference; fileEncoding = 4; lastKnownFileType = text.xcconfig; path = AFNetworking.xcconfig; sourceTree = "<group>"; };
		C26C275C1C4BC0C100697AE8 /* ECSlidingViewController-dummy.m */ = {isa = PBXFileReference; fileEncoding = 4; lastKnownFileType = sourcecode.c.objc; path = "ECSlidingViewController-dummy.m"; sourceTree = "<group>"; };
		C26C275D1C4BC0C100697AE8 /* ECSlidingViewController-prefix.pch */ = {isa = PBXFileReference; fileEncoding = 4; lastKnownFileType = sourcecode.c.h; path = "ECSlidingViewController-prefix.pch"; sourceTree = "<group>"; };
		C26C275E1C4BC0C100697AE8 /* ECSlidingViewController.xcconfig */ = {isa = PBXFileReference; fileEncoding = 4; lastKnownFileType = text.xcconfig; path = ECSlidingViewController.xcconfig; sourceTree = "<group>"; };
		C26C27601C4BC0C100697AE8 /* Pods-acknowledgements.markdown */ = {isa = PBXFileReference; fileEncoding = 4; lastKnownFileType = net.daringfireball.markdown; path = "Pods-acknowledgements.markdown"; sourceTree = "<group>"; };
		C26C27611C4BC0C100697AE8 /* Pods-acknowledgements.plist */ = {isa = PBXFileReference; fileEncoding = 4; lastKnownFileType = text.plist.xml; path = "Pods-acknowledgements.plist"; sourceTree = "<group>"; };
		C26C27621C4BC0C100697AE8 /* Pods-dummy.m */ = {isa = PBXFileReference; fileEncoding = 4; lastKnownFileType = sourcecode.c.objc; path = "Pods-dummy.m"; sourceTree = "<group>"; };
		C26C27631C4BC0C100697AE8 /* Pods-frameworks.sh */ = {isa = PBXFileReference; fileEncoding = 4; lastKnownFileType = text.script.sh; path = "Pods-frameworks.sh"; sourceTree = "<group>"; };
		C26C27641C4BC0C100697AE8 /* Pods-resources.sh */ = {isa = PBXFileReference; fileEncoding = 4; lastKnownFileType = text.script.sh; path = "Pods-resources.sh"; sourceTree = "<group>"; };
		C26C27651C4BC0C100697AE8 /* Pods.debug.xcconfig */ = {isa = PBXFileReference; fileEncoding = 4; lastKnownFileType = text.xcconfig; path = Pods.debug.xcconfig; sourceTree = "<group>"; };
		C26C27661C4BC0C100697AE8 /* Pods.release.xcconfig */ = {isa = PBXFileReference; fileEncoding = 4; lastKnownFileType = text.xcconfig; path = Pods.release.xcconfig; sourceTree = "<group>"; };
		C26C27961C4BC63F00697AE8 /* MessagesTableViewCell.h */ = {isa = PBXFileReference; fileEncoding = 4; lastKnownFileType = sourcecode.c.h; path = MessagesTableViewCell.h; sourceTree = "<group>"; };
		C26C27971C4BC63F00697AE8 /* MessagesTableViewCell.m */ = {isa = PBXFileReference; fileEncoding = 4; lastKnownFileType = sourcecode.c.objc; path = MessagesTableViewCell.m; sourceTree = "<group>"; };
		C26C27991C4BD11200697AE8 /* Message.h */ = {isa = PBXFileReference; fileEncoding = 4; lastKnownFileType = sourcecode.c.h; path = Message.h; sourceTree = "<group>"; };
		C26C279A1C4BD11200697AE8 /* Message.m */ = {isa = PBXFileReference; fileEncoding = 4; lastKnownFileType = sourcecode.c.objc; path = Message.m; sourceTree = "<group>"; };
		C26C279C1C4BD12600697AE8 /* MessagesService.h */ = {isa = PBXFileReference; fileEncoding = 4; lastKnownFileType = sourcecode.c.h; path = MessagesService.h; sourceTree = "<group>"; };
		C26C279D1C4BD12600697AE8 /* MessagesService.m */ = {isa = PBXFileReference; fileEncoding = 4; lastKnownFileType = sourcecode.c.objc; path = MessagesService.m; sourceTree = "<group>"; };
		C26C279F1C4BD13500697AE8 /* MessagesMapper.h */ = {isa = PBXFileReference; fileEncoding = 4; lastKnownFileType = sourcecode.c.h; path = MessagesMapper.h; sourceTree = "<group>"; };
		C26C27A01C4BD13500697AE8 /* MessagesMapper.m */ = {isa = PBXFileReference; fileEncoding = 4; lastKnownFileType = sourcecode.c.objc; path = MessagesMapper.m; sourceTree = "<group>"; };
		C2F3C4661C4BB93000BB47FA /* Test-Task-Alex-Peda-ObjC.app */ = {isa = PBXFileReference; explicitFileType = wrapper.application; includeInIndex = 0; path = "Test-Task-Alex-Peda-ObjC.app"; sourceTree = BUILT_PRODUCTS_DIR; };
		C2F3C4861C4BBC6A00BB47FA /* AppDelegate.h */ = {isa = PBXFileReference; fileEncoding = 4; lastKnownFileType = sourcecode.c.h; path = AppDelegate.h; sourceTree = "<group>"; };
		C2F3C4871C4BBC6A00BB47FA /* AppDelegate.m */ = {isa = PBXFileReference; fileEncoding = 4; lastKnownFileType = sourcecode.c.objc; path = AppDelegate.m; sourceTree = "<group>"; };
		C2F3C48A1C4BBC6A00BB47FA /* MainViewController.h */ = {isa = PBXFileReference; fileEncoding = 4; lastKnownFileType = sourcecode.c.h; path = MainViewController.h; sourceTree = "<group>"; };
		C2F3C48B1C4BBC6A00BB47FA /* MainViewController.m */ = {isa = PBXFileReference; fileEncoding = 4; lastKnownFileType = sourcecode.c.objc; path = MainViewController.m; sourceTree = "<group>"; };
		C2F3C48D1C4BBC6A00BB47FA /* Assets.xcassets */ = {isa = PBXFileReference; lastKnownFileType = folder.assetcatalog; path = Assets.xcassets; sourceTree = "<group>"; };
		C2F3C4921C4BBC6A00BB47FA /* Info.plist */ = {isa = PBXFileReference; fileEncoding = 4; lastKnownFileType = text.plist.xml; path = Info.plist; sourceTree = "<group>"; };
		C2F3C4931C4BBC6A00BB47FA /* main.m */ = {isa = PBXFileReference; fileEncoding = 4; lastKnownFileType = sourcecode.c.objc; path = main.m; sourceTree = "<group>"; };
/* End PBXFileReference section */

/* Begin PBXFrameworksBuildPhase section */
		C2F3C4631C4BB93000BB47FA /* Frameworks */ = {
			isa = PBXFrameworksBuildPhase;
			buildActionMask = 2147483647;
			files = (
			);
			runOnlyForDeploymentPostprocessing = 0;
		};
/* End PBXFrameworksBuildPhase section */

/* Begin PBXGroup section */
		C26C26E01C4BC0C100697AE8 /* Pods */ = {
			isa = PBXGroup;
			children = (
				C26C26E11C4BC0C100697AE8 /* AFNetworking */,
				C26C27071C4BC0C100697AE8 /* ECSlidingViewController */,
				C26C27181C4BC0C100697AE8 /* Headers */,
				C26C27511C4BC0C100697AE8 /* Local Podspecs */,
				C26C27521C4BC0C100697AE8 /* Manifest.lock */,
				C26C27531C4BC0C100697AE8 /* Pods.xcodeproj */,
				C26C27561C4BC0C100697AE8 /* Target Support Files */,
			);
			name = Pods;
			path = ../Pods;
			sourceTree = "<group>";
		};
		C26C26E11C4BC0C100697AE8 /* AFNetworking */ = {
			isa = PBXGroup;
			children = (
				C26C26E21C4BC0C100697AE8 /* AFNetworking */,
				C26C26F01C4BC0C100697AE8 /* LICENSE */,
				C26C26F11C4BC0C100697AE8 /* README.md */,
				C26C26F21C4BC0C100697AE8 /* UIKit+AFNetworking */,
			);
			path = AFNetworking;
			sourceTree = "<group>";
		};
		C26C26E21C4BC0C100697AE8 /* AFNetworking */ = {
			isa = PBXGroup;
			children = (
				C26C26E31C4BC0C100697AE8 /* AFHTTPSessionManager.h */,
				C26C26E41C4BC0C100697AE8 /* AFHTTPSessionManager.m */,
				C26C26E51C4BC0C100697AE8 /* AFNetworking.h */,
				C26C26E61C4BC0C100697AE8 /* AFNetworkReachabilityManager.h */,
				C26C26E71C4BC0C100697AE8 /* AFNetworkReachabilityManager.m */,
				C26C26E81C4BC0C100697AE8 /* AFSecurityPolicy.h */,
				C26C26E91C4BC0C100697AE8 /* AFSecurityPolicy.m */,
				C26C26EA1C4BC0C100697AE8 /* AFURLRequestSerialization.h */,
				C26C26EB1C4BC0C100697AE8 /* AFURLRequestSerialization.m */,
				C26C26EC1C4BC0C100697AE8 /* AFURLResponseSerialization.h */,
				C26C26ED1C4BC0C100697AE8 /* AFURLResponseSerialization.m */,
				C26C26EE1C4BC0C100697AE8 /* AFURLSessionManager.h */,
				C26C26EF1C4BC0C100697AE8 /* AFURLSessionManager.m */,
			);
			path = AFNetworking;
			sourceTree = "<group>";
		};
		C26C26F21C4BC0C100697AE8 /* UIKit+AFNetworking */ = {
			isa = PBXGroup;
			children = (
				C26C26F31C4BC0C100697AE8 /* AFAutoPurgingImageCache.h */,
				C26C26F41C4BC0C100697AE8 /* AFAutoPurgingImageCache.m */,
				C26C26F51C4BC0C100697AE8 /* AFImageDownloader.h */,
				C26C26F61C4BC0C100697AE8 /* AFImageDownloader.m */,
				C26C26F71C4BC0C100697AE8 /* AFNetworkActivityIndicatorManager.h */,
				C26C26F81C4BC0C100697AE8 /* AFNetworkActivityIndicatorManager.m */,
				C26C26F91C4BC0C100697AE8 /* UIActivityIndicatorView+AFNetworking.h */,
				C26C26FA1C4BC0C100697AE8 /* UIActivityIndicatorView+AFNetworking.m */,
				C26C26FB1C4BC0C100697AE8 /* UIButton+AFNetworking.h */,
				C26C26FC1C4BC0C100697AE8 /* UIButton+AFNetworking.m */,
				C26C26FD1C4BC0C100697AE8 /* UIImage+AFNetworking.h */,
				C26C26FE1C4BC0C100697AE8 /* UIImageView+AFNetworking.h */,
				C26C26FF1C4BC0C100697AE8 /* UIImageView+AFNetworking.m */,
				C26C27001C4BC0C100697AE8 /* UIKit+AFNetworking.h */,
				C26C27011C4BC0C100697AE8 /* UIProgressView+AFNetworking.h */,
				C26C27021C4BC0C100697AE8 /* UIProgressView+AFNetworking.m */,
				C26C27031C4BC0C100697AE8 /* UIRefreshControl+AFNetworking.h */,
				C26C27041C4BC0C100697AE8 /* UIRefreshControl+AFNetworking.m */,
				C26C27051C4BC0C100697AE8 /* UIWebView+AFNetworking.h */,
				C26C27061C4BC0C100697AE8 /* UIWebView+AFNetworking.m */,
			);
			path = "UIKit+AFNetworking";
			sourceTree = "<group>";
		};
		C26C27071C4BC0C100697AE8 /* ECSlidingViewController */ = {
			isa = PBXGroup;
			children = (
				C26C27081C4BC0C100697AE8 /* ECSlidingViewController */,
				C26C27161C4BC0C100697AE8 /* LICENSE */,
				C26C27171C4BC0C100697AE8 /* README.md */,
			);
			path = ECSlidingViewController;
			sourceTree = "<group>";
		};
		C26C27081C4BC0C100697AE8 /* ECSlidingViewController */ = {
			isa = PBXGroup;
			children = (
				C26C27091C4BC0C100697AE8 /* ECPercentDrivenInteractiveTransition.h */,
				C26C270A1C4BC0C100697AE8 /* ECPercentDrivenInteractiveTransition.m */,
				C26C270B1C4BC0C100697AE8 /* ECSlidingAnimationController.h */,
				C26C270C1C4BC0C100697AE8 /* ECSlidingAnimationController.m */,
				C26C270D1C4BC0C100697AE8 /* ECSlidingConstants.h */,
				C26C270E1C4BC0C100697AE8 /* ECSlidingInteractiveTransition.h */,
				C26C270F1C4BC0C100697AE8 /* ECSlidingInteractiveTransition.m */,
				C26C27101C4BC0C100697AE8 /* ECSlidingSegue.h */,
				C26C27111C4BC0C100697AE8 /* ECSlidingSegue.m */,
				C26C27121C4BC0C100697AE8 /* ECSlidingViewController.h */,
				C26C27131C4BC0C100697AE8 /* ECSlidingViewController.m */,
				C26C27141C4BC0C100697AE8 /* UIViewController+ECSlidingViewController.h */,
				C26C27151C4BC0C100697AE8 /* UIViewController+ECSlidingViewController.m */,
			);
			path = ECSlidingViewController;
			sourceTree = "<group>";
		};
		C26C27181C4BC0C100697AE8 /* Headers */ = {
			isa = PBXGroup;
			children = (
				C26C27191C4BC0C100697AE8 /* Private */,
				C26C27351C4BC0C100697AE8 /* Public */,
			);
			path = Headers;
			sourceTree = "<group>";
		};
		C26C27191C4BC0C100697AE8 /* Private */ = {
			isa = PBXGroup;
			children = (
				C26C271A1C4BC0C100697AE8 /* AFNetworking */,
				C26C272D1C4BC0C100697AE8 /* ECSlidingViewController */,
			);
			path = Private;
			sourceTree = "<group>";
		};
		C26C271A1C4BC0C100697AE8 /* AFNetworking */ = {
			isa = PBXGroup;
			children = (
				C26C271B1C4BC0C100697AE8 /* AFAutoPurgingImageCache.h */,
				C26C271C1C4BC0C100697AE8 /* AFHTTPSessionManager.h */,
				C26C271D1C4BC0C100697AE8 /* AFImageDownloader.h */,
				C26C271E1C4BC0C100697AE8 /* AFNetworkActivityIndicatorManager.h */,
				C26C271F1C4BC0C100697AE8 /* AFNetworking.h */,
				C26C27201C4BC0C100697AE8 /* AFNetworkReachabilityManager.h */,
				C26C27211C4BC0C100697AE8 /* AFSecurityPolicy.h */,
				C26C27221C4BC0C100697AE8 /* AFURLRequestSerialization.h */,
				C26C27231C4BC0C100697AE8 /* AFURLResponseSerialization.h */,
				C26C27241C4BC0C100697AE8 /* AFURLSessionManager.h */,
				C26C27251C4BC0C100697AE8 /* UIActivityIndicatorView+AFNetworking.h */,
				C26C27261C4BC0C100697AE8 /* UIButton+AFNetworking.h */,
				C26C27271C4BC0C100697AE8 /* UIImage+AFNetworking.h */,
				C26C27281C4BC0C100697AE8 /* UIImageView+AFNetworking.h */,
				C26C27291C4BC0C100697AE8 /* UIKit+AFNetworking.h */,
				C26C272A1C4BC0C100697AE8 /* UIProgressView+AFNetworking.h */,
				C26C272B1C4BC0C100697AE8 /* UIRefreshControl+AFNetworking.h */,
				C26C272C1C4BC0C100697AE8 /* UIWebView+AFNetworking.h */,
			);
			path = AFNetworking;
			sourceTree = "<group>";
		};
		C26C272D1C4BC0C100697AE8 /* ECSlidingViewController */ = {
			isa = PBXGroup;
			children = (
				C26C272E1C4BC0C100697AE8 /* ECPercentDrivenInteractiveTransition.h */,
				C26C272F1C4BC0C100697AE8 /* ECSlidingAnimationController.h */,
				C26C27301C4BC0C100697AE8 /* ECSlidingConstants.h */,
				C26C27311C4BC0C100697AE8 /* ECSlidingInteractiveTransition.h */,
				C26C27321C4BC0C100697AE8 /* ECSlidingSegue.h */,
				C26C27331C4BC0C100697AE8 /* ECSlidingViewController.h */,
				C26C27341C4BC0C100697AE8 /* UIViewController+ECSlidingViewController.h */,
			);
			path = ECSlidingViewController;
			sourceTree = "<group>";
		};
		C26C27351C4BC0C100697AE8 /* Public */ = {
			isa = PBXGroup;
			children = (
				C26C27361C4BC0C100697AE8 /* AFNetworking */,
				C26C27491C4BC0C100697AE8 /* ECSlidingViewController */,
			);
			path = Public;
			sourceTree = "<group>";
		};
		C26C27361C4BC0C100697AE8 /* AFNetworking */ = {
			isa = PBXGroup;
			children = (
				C26C27371C4BC0C100697AE8 /* AFAutoPurgingImageCache.h */,
				C26C27381C4BC0C100697AE8 /* AFHTTPSessionManager.h */,
				C26C27391C4BC0C100697AE8 /* AFImageDownloader.h */,
				C26C273A1C4BC0C100697AE8 /* AFNetworkActivityIndicatorManager.h */,
				C26C273B1C4BC0C100697AE8 /* AFNetworking.h */,
				C26C273C1C4BC0C100697AE8 /* AFNetworkReachabilityManager.h */,
				C26C273D1C4BC0C100697AE8 /* AFSecurityPolicy.h */,
				C26C273E1C4BC0C100697AE8 /* AFURLRequestSerialization.h */,
				C26C273F1C4BC0C100697AE8 /* AFURLResponseSerialization.h */,
				C26C27401C4BC0C100697AE8 /* AFURLSessionManager.h */,
				C26C27411C4BC0C100697AE8 /* UIActivityIndicatorView+AFNetworking.h */,
				C26C27421C4BC0C100697AE8 /* UIButton+AFNetworking.h */,
				C26C27431C4BC0C100697AE8 /* UIImage+AFNetworking.h */,
				C26C27441C4BC0C100697AE8 /* UIImageView+AFNetworking.h */,
				C26C27451C4BC0C100697AE8 /* UIKit+AFNetworking.h */,
				C26C27461C4BC0C100697AE8 /* UIProgressView+AFNetworking.h */,
				C26C27471C4BC0C100697AE8 /* UIRefreshControl+AFNetworking.h */,
				C26C27481C4BC0C100697AE8 /* UIWebView+AFNetworking.h */,
			);
			path = AFNetworking;
			sourceTree = "<group>";
		};
		C26C27491C4BC0C100697AE8 /* ECSlidingViewController */ = {
			isa = PBXGroup;
			children = (
				C26C274A1C4BC0C100697AE8 /* ECPercentDrivenInteractiveTransition.h */,
				C26C274B1C4BC0C100697AE8 /* ECSlidingAnimationController.h */,
				C26C274C1C4BC0C100697AE8 /* ECSlidingConstants.h */,
				C26C274D1C4BC0C100697AE8 /* ECSlidingInteractiveTransition.h */,
				C26C274E1C4BC0C100697AE8 /* ECSlidingSegue.h */,
				C26C274F1C4BC0C100697AE8 /* ECSlidingViewController.h */,
				C26C27501C4BC0C100697AE8 /* UIViewController+ECSlidingViewController.h */,
			);
			path = ECSlidingViewController;
			sourceTree = "<group>";
		};
		C26C27511C4BC0C100697AE8 /* Local Podspecs */ = {
			isa = PBXGroup;
			children = (
			);
			path = "Local Podspecs";
			sourceTree = "<group>";
		};
		C26C27541C4BC0C100697AE8 /* Products */ = {
			isa = PBXGroup;
			children = (
				C26C27901C4BC0C100697AE8 /* libAFNetworking.a */,
				C26C27921C4BC0C100697AE8 /* libECSlidingViewController.a */,
				C26C27941C4BC0C100697AE8 /* libPods.a */,
			);
			name = Products;
			sourceTree = "<group>";
		};
		C26C27561C4BC0C100697AE8 /* Target Support Files */ = {
			isa = PBXGroup;
			children = (
				C26C27571C4BC0C100697AE8 /* AFNetworking */,
				C26C275B1C4BC0C100697AE8 /* ECSlidingViewController */,
				C26C275F1C4BC0C100697AE8 /* Pods */,
			);
			path = "Target Support Files";
			sourceTree = "<group>";
		};
		C26C27571C4BC0C100697AE8 /* AFNetworking */ = {
			isa = PBXGroup;
			children = (
				C26C27581C4BC0C100697AE8 /* AFNetworking-dummy.m */,
				C26C27591C4BC0C100697AE8 /* AFNetworking-prefix.pch */,
				C26C275A1C4BC0C100697AE8 /* AFNetworking.xcconfig */,
			);
			path = AFNetworking;
			sourceTree = "<group>";
		};
		C26C275B1C4BC0C100697AE8 /* ECSlidingViewController */ = {
			isa = PBXGroup;
			children = (
				C26C275C1C4BC0C100697AE8 /* ECSlidingViewController-dummy.m */,
				C26C275D1C4BC0C100697AE8 /* ECSlidingViewController-prefix.pch */,
				C26C275E1C4BC0C100697AE8 /* ECSlidingViewController.xcconfig */,
			);
			path = ECSlidingViewController;
			sourceTree = "<group>";
		};
		C26C275F1C4BC0C100697AE8 /* Pods */ = {
			isa = PBXGroup;
			children = (
				C26C27601C4BC0C100697AE8 /* Pods-acknowledgements.markdown */,
				C26C27611C4BC0C100697AE8 /* Pods-acknowledgements.plist */,
				C26C27621C4BC0C100697AE8 /* Pods-dummy.m */,
				C26C27631C4BC0C100697AE8 /* Pods-frameworks.sh */,
				C26C27641C4BC0C100697AE8 /* Pods-resources.sh */,
				C26C27651C4BC0C100697AE8 /* Pods.debug.xcconfig */,
				C26C27661C4BC0C100697AE8 /* Pods.release.xcconfig */,
			);
			path = Pods;
			sourceTree = "<group>";
		};
		C2F3C45D1C4BB93000BB47FA = {
			isa = PBXGroup;
			children = (
				C26C26E01C4BC0C100697AE8 /* Pods */,
				C2F3C4851C4BBC6A00BB47FA /* Code */,
				C2F3C48C1C4BBC6A00BB47FA /* Test-Task-Alex-Peda-ObjC */,
				C2F3C4671C4BB93000BB47FA /* Products */,
			);
			sourceTree = "<group>";
		};
		C2F3C4671C4BB93000BB47FA /* Products */ = {
			isa = PBXGroup;
			children = (
				C2F3C4661C4BB93000BB47FA /* Test-Task-Alex-Peda-ObjC.app */,
			);
			name = Products;
			sourceTree = "<group>";
		};
		C2F3C4851C4BBC6A00BB47FA /* Code */ = {
			isa = PBXGroup;
			children = (
				C2F3C4861C4BBC6A00BB47FA /* AppDelegate.h */,
				C2F3C4871C4BBC6A00BB47FA /* AppDelegate.m */,
				C2F3C4881C4BBC6A00BB47FA /* Model */,
				C2F3C4891C4BBC6A00BB47FA /* UI */,
			);
			path = Code;
			sourceTree = "<group>";
		};
		C2F3C4881C4BBC6A00BB47FA /* Model */ = {
			isa = PBXGroup;
			children = (
				C26C27991C4BD11200697AE8 /* Message.h */,
				C26C279A1C4BD11200697AE8 /* Message.m */,
				C26C279C1C4BD12600697AE8 /* MessagesService.h */,
				C26C279D1C4BD12600697AE8 /* MessagesService.m */,
				C26C279F1C4BD13500697AE8 /* MessagesMapper.h */,
				C26C27A01C4BD13500697AE8 /* MessagesMapper.m */,
			);
			path = Model;
			sourceTree = "<group>";
		};
		C2F3C4891C4BBC6A00BB47FA /* UI */ = {
			isa = PBXGroup;
			children = (
				C2F3C48A1C4BBC6A00BB47FA /* MainViewController.h */,
				C2F3C48B1C4BBC6A00BB47FA /* MainViewController.m */,
				C26C27961C4BC63F00697AE8 /* MessagesTableViewCell.h */,
				C26C27971C4BC63F00697AE8 /* MessagesTableViewCell.m */,
			);
			path = UI;
			sourceTree = "<group>";
		};
		C2F3C48C1C4BBC6A00BB47FA /* Test-Task-Alex-Peda-ObjC */ = {
			isa = PBXGroup;
			children = (
				C2F3C48D1C4BBC6A00BB47FA /* Assets.xcassets */,
				C2F3C4921C4BBC6A00BB47FA /* Info.plist */,
				C2F3C4931C4BBC6A00BB47FA /* main.m */,
			);
			path = "Test-Task-Alex-Peda-ObjC";
			sourceTree = "<group>";
		};
/* End PBXGroup section */

/* Begin PBXNativeTarget section */
		C2F3C4651C4BB93000BB47FA /* Test-Task-Alex-Peda-ObjC */ = {
			isa = PBXNativeTarget;
			buildConfigurationList = C2F3C47D1C4BB93000BB47FA /* Build configuration list for PBXNativeTarget "Test-Task-Alex-Peda-ObjC" */;
			buildPhases = (
				C2F3C4621C4BB93000BB47FA /* Sources */,
				C2F3C4631C4BB93000BB47FA /* Frameworks */,
				C2F3C4641C4BB93000BB47FA /* Resources */,
			);
			buildRules = (
			);
			dependencies = (
			);
			name = "Test-Task-Alex-Peda-ObjC";
			productName = "Test-Task-Alex-Peda-ObjC";
			productReference = C2F3C4661C4BB93000BB47FA /* Test-Task-Alex-Peda-ObjC.app */;
			productType = "com.apple.product-type.application";
		};
/* End PBXNativeTarget section */

/* Begin PBXProject section */
		C2F3C45E1C4BB93000BB47FA /* Project object */ = {
			isa = PBXProject;
			attributes = {
				LastUpgradeCheck = 0700;
				ORGANIZATIONNAME = "Alex Peda";
				TargetAttributes = {
					C2F3C4651C4BB93000BB47FA = {
						CreatedOnToolsVersion = 7.0.1;
					};
				};
			};
			buildConfigurationList = C2F3C4611C4BB93000BB47FA /* Build configuration list for PBXProject "Test-Task-Alex-Peda-ObjC" */;
			compatibilityVersion = "Xcode 3.2";
			developmentRegion = English;
			hasScannedForEncodings = 0;
			knownRegions = (
				en,
				Base,
			);
			mainGroup = C2F3C45D1C4BB93000BB47FA;
			productRefGroup = C2F3C4671C4BB93000BB47FA /* Products */;
			projectDirPath = "";
			projectReferences = (
				{
					ProductGroup = C26C27541C4BC0C100697AE8 /* Products */;
					ProjectRef = C26C27531C4BC0C100697AE8 /* Pods.xcodeproj */;
				},
			);
			projectRoot = "";
			targets = (
				C2F3C4651C4BB93000BB47FA /* Test-Task-Alex-Peda-ObjC */,
			);
		};
/* End PBXProject section */

/* Begin PBXReferenceProxy section */
		C26C27901C4BC0C100697AE8 /* libAFNetworking.a */ = {
			isa = PBXReferenceProxy;
			fileType = archive.ar;
			path = libAFNetworking.a;
			remoteRef = C26C278F1C4BC0C100697AE8 /* PBXContainerItemProxy */;
			sourceTree = BUILT_PRODUCTS_DIR;
		};
		C26C27921C4BC0C100697AE8 /* libECSlidingViewController.a */ = {
			isa = PBXReferenceProxy;
			fileType = archive.ar;
			path = libECSlidingViewController.a;
			remoteRef = C26C27911C4BC0C100697AE8 /* PBXContainerItemProxy */;
			sourceTree = BUILT_PRODUCTS_DIR;
		};
		C26C27941C4BC0C100697AE8 /* libPods.a */ = {
			isa = PBXReferenceProxy;
			fileType = archive.ar;
			path = libPods.a;
			remoteRef = C26C27931C4BC0C100697AE8 /* PBXContainerItemProxy */;
			sourceTree = BUILT_PRODUCTS_DIR;
		};
/* End PBXReferenceProxy section */

/* Begin PBXResourcesBuildPhase section */
		C2F3C4641C4BB93000BB47FA /* Resources */ = {
			isa = PBXResourcesBuildPhase;
			buildActionMask = 2147483647;
			files = (
				C26C27841C4BC0C100697AE8 /* ECSlidingViewController.xcconfig in Resources */,
				C26C27861C4BC0C100697AE8 /* Pods-acknowledgements.plist in Resources */,
				C26C278B1C4BC0C100697AE8 /* Pods.release.xcconfig in Resources */,
				C26C27821C4BC0C100697AE8 /* AFNetworking.xcconfig in Resources */,
				C26C277E1C4BC0C100697AE8 /* LICENSE in Resources */,
				C26C276D1C4BC0C100697AE8 /* LICENSE in Resources */,
				C2F3C4961C4BBC6A00BB47FA /* Assets.xcassets in Resources */,
				C26C27801C4BC0C100697AE8 /* Manifest.lock in Resources */,
				C26C278A1C4BC0C100697AE8 /* Pods.debug.xcconfig in Resources */,
				C26C27881C4BC0C100697AE8 /* Pods-frameworks.sh in Resources */,
				C26C27891C4BC0C100697AE8 /* Pods-resources.sh in Resources */,
			);
			runOnlyForDeploymentPostprocessing = 0;
		};
/* End PBXResourcesBuildPhase section */

/* Begin PBXSourcesBuildPhase section */
		C2F3C4621C4BB93000BB47FA /* Sources */ = {
			isa = PBXSourcesBuildPhase;
			buildActionMask = 2147483647;
			files = (
				C26C27831C4BC0C100697AE8 /* ECSlidingViewController-dummy.m in Sources */,
				C26C27851C4BC0C100697AE8 /* Pods-acknowledgements.markdown in Sources */,
				C26C276C1C4BC0C100697AE8 /* AFURLSessionManager.m in Sources */,
				C26C27981C4BC63F00697AE8 /* MessagesTableViewCell.m in Sources */,
				C2F3C4951C4BBC6A00BB47FA /* MainViewController.m in Sources */,
				C26C279E1C4BD12600697AE8 /* MessagesService.m in Sources */,
				C26C276E1C4BC0C100697AE8 /* README.md in Sources */,
				C26C27781C4BC0C100697AE8 /* ECPercentDrivenInteractiveTransition.m in Sources */,
				C26C277F1C4BC0C100697AE8 /* README.md in Sources */,
				C26C27791C4BC0C100697AE8 /* ECSlidingAnimationController.m in Sources */,
				C26C279B1C4BD11200697AE8 /* Message.m in Sources */,
				C26C277C1C4BC0C100697AE8 /* ECSlidingViewController.m in Sources */,
				C2F3C49A1C4BBC6A00BB47FA /* main.m in Sources */,
				C26C277D1C4BC0C100697AE8 /* UIViewController+ECSlidingViewController.m in Sources */,
				C26C27681C4BC0C100697AE8 /* AFNetworkReachabilityManager.m in Sources */,
				C2F3C4941C4BBC6A00BB47FA /* AppDelegate.m in Sources */,
				C26C27A11C4BD13500697AE8 /* MessagesMapper.m in Sources */,
				C26C27721C4BC0C100697AE8 /* UIActivityIndicatorView+AFNetworking.m in Sources */,
				C26C27691C4BC0C100697AE8 /* AFSecurityPolicy.m in Sources */,
				C26C27751C4BC0C100697AE8 /* UIProgressView+AFNetworking.m in Sources */,
				C26C276A1C4BC0C100697AE8 /* AFURLRequestSerialization.m in Sources */,
				C26C277A1C4BC0C100697AE8 /* ECSlidingInteractiveTransition.m in Sources */,
				C26C276B1C4BC0C100697AE8 /* AFURLResponseSerialization.m in Sources */,
				C26C27711C4BC0C100697AE8 /* AFNetworkActivityIndicatorManager.m in Sources */,
				C26C277B1C4BC0C100697AE8 /* ECSlidingSegue.m in Sources */,
				C26C27741C4BC0C100697AE8 /* UIImageView+AFNetworking.m in Sources */,
				C26C27871C4BC0C100697AE8 /* Pods-dummy.m in Sources */,
				C26C27731C4BC0C100697AE8 /* UIButton+AFNetworking.m in Sources */,
				C26C27761C4BC0C100697AE8 /* UIRefreshControl+AFNetworking.m in Sources */,
				C26C27771C4BC0C100697AE8 /* UIWebView+AFNetworking.m in Sources */,
				C26C27671C4BC0C100697AE8 /* AFHTTPSessionManager.m in Sources */,
				C26C276F1C4BC0C100697AE8 /* AFAutoPurgingImageCache.m in Sources */,
				C26C27701C4BC0C100697AE8 /* AFImageDownloader.m in Sources */,
				C26C27811C4BC0C100697AE8 /* AFNetworking-dummy.m in Sources */,
			);
			runOnlyForDeploymentPostprocessing = 0;
		};
/* End PBXSourcesBuildPhase section */

/* Begin XCBuildConfiguration section */
		C2F3C47B1C4BB93000BB47FA /* Debug */ = {
			isa = XCBuildConfiguration;
			buildSettings = {
				ALWAYS_SEARCH_USER_PATHS = NO;
				CLANG_CXX_LANGUAGE_STANDARD = "gnu++0x";
				CLANG_CXX_LIBRARY = "libc++";
				CLANG_ENABLE_MODULES = YES;
				CLANG_ENABLE_OBJC_ARC = YES;
				CLANG_WARN_BOOL_CONVERSION = YES;
				CLANG_WARN_CONSTANT_CONVERSION = YES;
				CLANG_WARN_DIRECT_OBJC_ISA_USAGE = YES_ERROR;
				CLANG_WARN_EMPTY_BODY = YES;
				CLANG_WARN_ENUM_CONVERSION = YES;
				CLANG_WARN_INT_CONVERSION = YES;
				CLANG_WARN_OBJC_ROOT_CLASS = YES_ERROR;
				CLANG_WARN_UNREACHABLE_CODE = YES;
				CLANG_WARN__DUPLICATE_METHOD_MATCH = YES;
				"CODE_SIGN_IDENTITY[sdk=iphoneos*]" = "iPhone Developer";
				COPY_PHASE_STRIP = NO;
				DEBUG_INFORMATION_FORMAT = dwarf;
				ENABLE_STRICT_OBJC_MSGSEND = YES;
				ENABLE_TESTABILITY = YES;
				GCC_C_LANGUAGE_STANDARD = gnu99;
				GCC_DYNAMIC_NO_PIC = NO;
				GCC_NO_COMMON_BLOCKS = YES;
				GCC_OPTIMIZATION_LEVEL = 0;
				GCC_PREPROCESSOR_DEFINITIONS = (
					"DEBUG=1",
					"$(inherited)",
				);
				GCC_WARN_64_TO_32_BIT_CONVERSION = YES;
				GCC_WARN_ABOUT_RETURN_TYPE = YES_ERROR;
				GCC_WARN_UNDECLARED_SELECTOR = YES;
				GCC_WARN_UNINITIALIZED_AUTOS = YES_AGGRESSIVE;
				GCC_WARN_UNUSED_FUNCTION = YES;
				GCC_WARN_UNUSED_VARIABLE = YES;
				IPHONEOS_DEPLOYMENT_TARGET = 7.0;
				MTL_ENABLE_DEBUG_INFO = YES;
				ONLY_ACTIVE_ARCH = YES;
				SDKROOT = iphoneos;
				TARGETED_DEVICE_FAMILY = "1,2";
			};
			name = Debug;
		};
		C2F3C47C1C4BB93000BB47FA /* Release */ = {
			isa = XCBuildConfiguration;
			buildSettings = {
				ALWAYS_SEARCH_USER_PATHS = NO;
				CLANG_CXX_LANGUAGE_STANDARD = "gnu++0x";
				CLANG_CXX_LIBRARY = "libc++";
				CLANG_ENABLE_MODULES = YES;
				CLANG_ENABLE_OBJC_ARC = YES;
				CLANG_WARN_BOOL_CONVERSION = YES;
				CLANG_WARN_CONSTANT_CONVERSION = YES;
				CLANG_WARN_DIRECT_OBJC_ISA_USAGE = YES_ERROR;
				CLANG_WARN_EMPTY_BODY = YES;
				CLANG_WARN_ENUM_CONVERSION = YES;
				CLANG_WARN_INT_CONVERSION = YES;
				CLANG_WARN_OBJC_ROOT_CLASS = YES_ERROR;
				CLANG_WARN_UNREACHABLE_CODE = YES;
				CLANG_WARN__DUPLICATE_METHOD_MATCH = YES;
				"CODE_SIGN_IDENTITY[sdk=iphoneos*]" = "iPhone Developer";
				COPY_PHASE_STRIP = NO;
				DEBUG_INFORMATION_FORMAT = "dwarf-with-dsym";
				ENABLE_NS_ASSERTIONS = NO;
				ENABLE_STRICT_OBJC_MSGSEND = YES;
				GCC_C_LANGUAGE_STANDARD = gnu99;
				GCC_NO_COMMON_BLOCKS = YES;
				GCC_WARN_64_TO_32_BIT_CONVERSION = YES;
				GCC_WARN_ABOUT_RETURN_TYPE = YES_ERROR;
				GCC_WARN_UNDECLARED_SELECTOR = YES;
				GCC_WARN_UNINITIALIZED_AUTOS = YES_AGGRESSIVE;
				GCC_WARN_UNUSED_FUNCTION = YES;
				GCC_WARN_UNUSED_VARIABLE = YES;
				IPHONEOS_DEPLOYMENT_TARGET = 7.0;
				MTL_ENABLE_DEBUG_INFO = NO;
				SDKROOT = iphoneos;
				TARGETED_DEVICE_FAMILY = "1,2";
				VALIDATE_PRODUCT = YES;
			};
			name = Release;
		};
		C2F3C47E1C4BB93000BB47FA /* Debug */ = {
			isa = XCBuildConfiguration;
			buildSettings = {
				ASSETCATALOG_COMPILER_APPICON_NAME = AppIcon;
				INFOPLIST_FILE = "Test-Task-Alex-Peda-ObjC/Info.plist";
				IPHONEOS_DEPLOYMENT_TARGET = 7.0;
				LD_RUNPATH_SEARCH_PATHS = "$(inherited) @executable_path/Frameworks";
				PRODUCT_BUNDLE_IDENTIFIER = "Alex-Peda.Test-Task-Alex-Peda-ObjC";
				PRODUCT_NAME = "$(TARGET_NAME)";
				TARGETED_DEVICE_FAMILY = "1,2";
			};
			name = Debug;
		};
		C2F3C47F1C4BB93000BB47FA /* Release */ = {
			isa = XCBuildConfiguration;
			buildSettings = {
				ASSETCATALOG_COMPILER_APPICON_NAME = AppIcon;
				INFOPLIST_FILE = "Test-Task-Alex-Peda-ObjC/Info.plist";
				IPHONEOS_DEPLOYMENT_TARGET = 7.0;
				LD_RUNPATH_SEARCH_PATHS = "$(inherited) @executable_path/Frameworks";
				PRODUCT_BUNDLE_IDENTIFIER = "Alex-Peda.Test-Task-Alex-Peda-ObjC";
				PRODUCT_NAME = "$(TARGET_NAME)";
				TARGETED_DEVICE_FAMILY = "1,2";
			};
			name = Release;
		};
/* End XCBuildConfiguration section */

/* Begin XCConfigurationList section */
		C2F3C4611C4BB93000BB47FA /* Build configuration list for PBXProject "Test-Task-Alex-Peda-ObjC" */ = {
			isa = XCConfigurationList;
			buildConfigurations = (
				C2F3C47B1C4BB93000BB47FA /* Debug */,
				C2F3C47C1C4BB93000BB47FA /* Release */,
			);
			defaultConfigurationIsVisible = 0;
			defaultConfigurationName = Release;
		};
		C2F3C47D1C4BB93000BB47FA /* Build configuration list for PBXNativeTarget "Test-Task-Alex-Peda-ObjC" */ = {
			isa = XCConfigurationList;
			buildConfigurations = (
				C2F3C47E1C4BB93000BB47FA /* Debug */,
				C2F3C47F1C4BB93000BB47FA /* Release */,
			);
			defaultConfigurationIsVisible = 0;
			defaultConfigurationName = Release;
		};
/* End XCConfigurationList section */
	};
	rootObject = C2F3C45E1C4BB93000BB47FA /* Project object */;
}
